
Microsoft Visual Studio Solution File, Format Version 12.00
# Visual Studio Version 17
VisualStudioVersion = 17.14.36127.28
MinimumVisualStudioVersion = 10.0.40219.1
Project("{FAE04EC0-301F-11D3-BF4B-00C04F79EFBC}") = "WPF_DrawingVisualFromThread", "WPF_DrawingVisualFromThread\WPF_DrawingVisualFromThread.csproj", "{6ED77BE8-F493-42A5-A190-901C35AF1C7B}"
EndProject
Project("{FAE04EC0-301F-11D3-BF4B-00C04F79EFBC}") = "WPF_DrawingVisual", "WPF_DrawingVisual\WPF_DrawingVisual.csproj", "{F7176BC6-D4ED-4AD2-B185-BE6952E81113}"
EndProject
Project("{FAE04EC0-301F-11D3-BF4B-00C04F79EFBC}") = "WPF_MultiSelectTreeView", "WPF_MultiSelectTreeView\WPF_MultiSelectTreeView.csproj", "{A1C2A05C-3365-4E43-BDF3-81D5943FFD24}"
EndProject
Global
	GlobalSection(SolutionConfigurationPlatforms) = preSolution
		Debug|Any CPU = Debug|Any CPU
		Release|Any CPU = Release|Any CPU
	EndGlobalSection
	GlobalSection(ProjectConfigurationPlatforms) = postSolution
		{6ED77BE8-F493-42A5-A190-901C35AF1C7B}.Debug|Any CPU.ActiveCfg = Debug|Any CPU
		{6ED77BE8-F493-42A5-A190-901C35AF1C7B}.Debug|Any CPU.Build.0 = Debug|Any CPU
		{6ED77BE8-F493-42A5-A190-901C35AF1C7B}.Release|Any CPU.ActiveCfg = Release|Any CPU
		{6ED77BE8-F493-42A5-A190-901C35AF1C7B}.Release|Any CPU.Build.0 = Release|Any CPU
		{F7176BC6-D4ED-4AD2-B185-BE6952E81113}.Debug|Any CPU.ActiveCfg = Debug|Any CPU
		{F7176BC6-D4ED-4AD2-B185-BE6952E81113}.Debug|Any CPU.Build.0 = Debug|Any CPU
		{F7176BC6-D4ED-4AD2-B185-BE6952E81113}.Release|Any CPU.ActiveCfg = Release|Any CPU
		{F7176BC6-D4ED-4AD2-B185-BE6952E81113}.Release|Any CPU.Build.0 = Release|Any CPU
		{A1C2A05C-3365-4E43-BDF3-81D5943FFD24}.Debug|Any CPU.ActiveCfg = Debug|Any CPU
		{A1C2A05C-3365-4E43-BDF3-81D5943FFD24}.Debug|Any CPU.Build.0 = Debug|Any CPU
		{A1C2A05C-3365-4E43-BDF3-81D5943FFD24}.Release|Any CPU.ActiveCfg = Release|Any CPU
		{A1C2A05C-3365-4E43-BDF3-81D5943FFD24}.Release|Any CPU.Build.0 = Release|Any CPU
	EndGlobalSection
	GlobalSection(SolutionProperties) = preSolution
		HideSolutionNode = FALSE
	EndGlobalSection
	GlobalSection(ExtensibilityGlobals) = postSolution
		SolutionGuid = {928854CE-9819-4E71-BBCD-63122D3C3785}
	EndGlobalSection
EndGlobal
